
Microsoft Visual Studio Solution File, Format Version 12.00
# Visual Studio Version 17
VisualStudioVersion = 17.13.35806.99
MinimumVisualStudioVersion = 10.0.40219.1
Project("{FAE04EC0-301F-11D3-BF4B-00C04F79EFBC}") = "Practical02", "Practical02\Practical02.csproj", "{0621FE0F-01F4-401D-A7F8-557825BA012D}"
EndProject
Project("{FAE04EC0-301F-11D3-BF4B-00C04F79EFBC}") = "Practical03", "Practical03\Practical03.csproj", "{A7C24616-E830-4572-98E4-0468DCD01E05}"
EndProject
Global
	GlobalSection(SolutionConfigurationPlatforms) = preSolution
		Debug|Any CPU = Debug|Any CPU
		Release|Any CPU = Release|Any CPU
	EndGlobalSection
	GlobalSection(ProjectConfigurationPlatforms) = postSolution
		{0621FE0F-01F4-401D-A7F8-557825BA012D}.Debug|Any CPU.ActiveCfg = Debug|Any CPU
		{0621FE0F-01F4-401D-A7F8-557825BA012D}.Debug|Any CPU.Build.0 = Debug|Any CPU
		{0621FE0F-01F4-401D-A7F8-557825BA012D}.Release|Any CPU.ActiveCfg = Release|Any CPU
		{0621FE0F-01F4-401D-A7F8-557825BA012D}.Release|Any CPU.Build.0 = Release|Any CPU
		{A7C24616-E830-4572-98E4-0468DCD01E05}.Debug|Any CPU.ActiveCfg = Debug|Any CPU
		{A7C24616-E830-4572-98E4-0468DCD01E05}.Debug|Any CPU.Build.0 = Debug|Any CPU
		{A7C24616-E830-4572-98E4-0468DCD01E05}.Release|Any CPU.ActiveCfg = Release|Any CPU
		{A7C24616-E830-4572-98E4-0468DCD01E05}.Release|Any CPU.Build.0 = Release|Any CPU
	EndGlobalSection
	GlobalSection(SolutionProperties) = preSolution
		HideSolutionNode = FALSE
	EndGlobalSection
	GlobalSection(ExtensibilityGlobals) = postSolution
		SolutionGuid = {E1C5359D-D487-4938-9D1B-AFD67195ADA5}
	EndGlobalSection
EndGlobal
